
Microsoft Visual Studio Solution File, Format Version 12.00
# Visual Studio Version 16
VisualStudioVersion = 25.0.1706.1
MinimumVisualStudioVersion = 10.0.40219.1
Project("{FAE04EC0-301F-11D3-BF4B-00C04F79EFBC}") = "MakeChange", "MakeChange\MakeChange.csproj", "{2034517F-CA0B-4B8E-B43B-EFF6F80E3679}"
EndProject
Global
	GlobalSection(SolutionConfigurationPlatforms) = preSolution
		Debug|Any CPU = Debug|Any CPU
		Release|Any CPU = Release|Any CPU
	EndGlobalSection
	GlobalSection(ProjectConfigurationPlatforms) = postSolution
		{2034517F-CA0B-4B8E-B43B-EFF6F80E3679}.Debug|Any CPU.ActiveCfg = Debug|Any CPU
		{2034517F-CA0B-4B8E-B43B-EFF6F80E3679}.Debug|Any CPU.Build.0 = Debug|Any CPU
		{2034517F-CA0B-4B8E-B43B-EFF6F80E3679}.Release|Any CPU.ActiveCfg = Release|Any CPU
		{2034517F-CA0B-4B8E-B43B-EFF6F80E3679}.Release|Any CPU.Build.0 = Release|Any CPU
	EndGlobalSection
	GlobalSection(SolutionProperties) = preSolution
		HideSolutionNode = FALSE
	EndGlobalSection
	GlobalSection(ExtensibilityGlobals) = postSolution
		SolutionGuid = {0065736D-B3E1-43DF-A12D-219657BA2147}
	EndGlobalSection
EndGlobal
