
Microsoft Visual Studio Solution File, Format Version 12.00
# Visual Studio Version 16
VisualStudioVersion = 25.0.1706.2
MinimumVisualStudioVersion = 10.0.40219.1
Project("{FAE04EC0-301F-11D3-BF4B-00C04F79EFBC}") = "DisplayMultiplicationTable", "DisplayMultiplicationTable\DisplayMultiplicationTable.csproj", "{881FB52B-8E47-4755-84DE-36E7CC434869}"
EndProject
Global
	GlobalSection(SolutionConfigurationPlatforms) = preSolution
		Debug|Any CPU = Debug|Any CPU
		Release|Any CPU = Release|Any CPU
	EndGlobalSection
	GlobalSection(ProjectConfigurationPlatforms) = postSolution
		{881FB52B-8E47-4755-84DE-36E7CC434869}.Debug|Any CPU.ActiveCfg = Debug|Any CPU
		{881FB52B-8E47-4755-84DE-36E7CC434869}.Debug|Any CPU.Build.0 = Debug|Any CPU
		{881FB52B-8E47-4755-84DE-36E7CC434869}.Release|Any CPU.ActiveCfg = Release|Any CPU
		{881FB52B-8E47-4755-84DE-36E7CC434869}.Release|Any CPU.Build.0 = Release|Any CPU
	EndGlobalSection
	GlobalSection(SolutionProperties) = preSolution
		HideSolutionNode = FALSE
	EndGlobalSection
	GlobalSection(ExtensibilityGlobals) = postSolution
		SolutionGuid = {27CA7724-0AA0-4931-B321-3CA182E4246D}
	EndGlobalSection
EndGlobal
