
Microsoft Visual Studio Solution File, Format Version 12.00
# Visual Studio Version 16
VisualStudioVersion = 25.0.1706.1
MinimumVisualStudioVersion = 10.0.40219.1
Project("{FAE04EC0-301F-11D3-BF4B-00C04F79EFBC}") = "MoveEstimator", "MalcolmMovers\MoveEstimator.csproj", "{CD67BE5B-C82D-4D97-8D4F-E56CADB8F034}"
EndProject
Global
	GlobalSection(SolutionConfigurationPlatforms) = preSolution
		Debug|Any CPU = Debug|Any CPU
		Release|Any CPU = Release|Any CPU
	EndGlobalSection
	GlobalSection(ProjectConfigurationPlatforms) = postSolution
		{CD67BE5B-C82D-4D97-8D4F-E56CADB8F034}.Debug|Any CPU.ActiveCfg = Debug|Any CPU
		{CD67BE5B-C82D-4D97-8D4F-E56CADB8F034}.Debug|Any CPU.Build.0 = Debug|Any CPU
		{CD67BE5B-C82D-4D97-8D4F-E56CADB8F034}.Release|Any CPU.ActiveCfg = Release|Any CPU
		{CD67BE5B-C82D-4D97-8D4F-E56CADB8F034}.Release|Any CPU.Build.0 = Release|Any CPU
	EndGlobalSection
	GlobalSection(SolutionProperties) = preSolution
		HideSolutionNode = FALSE
	EndGlobalSection
	GlobalSection(ExtensibilityGlobals) = postSolution
		SolutionGuid = {156D5ADB-57DD-4ADF-9E45-51A6A8807406}
	EndGlobalSection
EndGlobal
